
Microsoft Visual Studio Solution File, Format Version 12.00
# Visual Studio 15
VisualStudioVersion = 15.0.27130.2003
MinimumVisualStudioVersion = 10.0.40219.1
Project("{9A19103F-16F7-4668-BE54-9A1E7A4F7556}") = "TimeManagement.Data", "TimeManagement.Data\TimeManagement.Data.csproj", "{C2762C43-956B-4A24-A172-20F91279BCE3}"
EndProject
Project("{9A19103F-16F7-4668-BE54-9A1E7A4F7556}") = "TimeManagement.UnitTest", "TimeManagement.UnitTest\TimeManagement.UnitTest.csproj", "{6C6951ED-55F0-49F7-BC7C-506301DB92E9}"
EndProject
Project("{9A19103F-16F7-4668-BE54-9A1E7A4F7556}") = "TimeManagement.Booking", "TimeManagement.Booking\TimeManagement.Booking.csproj", "{94690C7E-5CC0-428A-A5EB-DD2DF6C7BA0C}"
EndProject
Project("{9A19103F-16F7-4668-BE54-9A1E7A4F7556}") = "TimeManagement.Service", "TimeManagement.Service\TimeManagement.Service.csproj", "{47F217D4-CBA5-4CE4-A289-DF1741E9634F}"
EndProject
Project("{9A19103F-16F7-4668-BE54-9A1E7A4F7556}") = "TimeManagement.IntegrationTest", "TimeManagement.IntegrationTest\TimeManagement.IntegrationTest.csproj", "{7694CE12-A1EB-4250-A6AB-1DE7E40A15A8}"
EndProject
Project("{FAE04EC0-301F-11D3-BF4B-00C04F79EFBC}") = "TimeManagement.Streaming.Consumer", "TimeManagement.Streaming.Consumer\TimeManagement.Streaming.Consumer.csproj", "{B6D1956B-70BE-4A18-82F6-65A3FD30A4C1}"
EndProject
Global
	GlobalSection(SolutionConfigurationPlatforms) = preSolution
		Debug|Any CPU = Debug|Any CPU
		Release|Any CPU = Release|Any CPU
	EndGlobalSection
	GlobalSection(ProjectConfigurationPlatforms) = postSolution
		{C2762C43-956B-4A24-A172-20F91279BCE3}.Debug|Any CPU.ActiveCfg = Debug|Any CPU
		{C2762C43-956B-4A24-A172-20F91279BCE3}.Debug|Any CPU.Build.0 = Debug|Any CPU
		{C2762C43-956B-4A24-A172-20F91279BCE3}.Release|Any CPU.ActiveCfg = Release|Any CPU
		{C2762C43-956B-4A24-A172-20F91279BCE3}.Release|Any CPU.Build.0 = Release|Any CPU
		{6C6951ED-55F0-49F7-BC7C-506301DB92E9}.Debug|Any CPU.ActiveCfg = Debug|Any CPU
		{6C6951ED-55F0-49F7-BC7C-506301DB92E9}.Debug|Any CPU.Build.0 = Debug|Any CPU
		{6C6951ED-55F0-49F7-BC7C-506301DB92E9}.Release|Any CPU.ActiveCfg = Release|Any CPU
		{6C6951ED-55F0-49F7-BC7C-506301DB92E9}.Release|Any CPU.Build.0 = Release|Any CPU
		{94690C7E-5CC0-428A-A5EB-DD2DF6C7BA0C}.Debug|Any CPU.ActiveCfg = Debug|Any CPU
		{94690C7E-5CC0-428A-A5EB-DD2DF6C7BA0C}.Debug|Any CPU.Build.0 = Debug|Any CPU
		{94690C7E-5CC0-428A-A5EB-DD2DF6C7BA0C}.Release|Any CPU.ActiveCfg = Release|Any CPU
		{94690C7E-5CC0-428A-A5EB-DD2DF6C7BA0C}.Release|Any CPU.Build.0 = Release|Any CPU
		{47F217D4-CBA5-4CE4-A289-DF1741E9634F}.Debug|Any CPU.ActiveCfg = Debug|Any CPU
		{47F217D4-CBA5-4CE4-A289-DF1741E9634F}.Debug|Any CPU.Build.0 = Debug|Any CPU
		{47F217D4-CBA5-4CE4-A289-DF1741E9634F}.Release|Any CPU.ActiveCfg = Release|Any CPU
		{47F217D4-CBA5-4CE4-A289-DF1741E9634F}.Release|Any CPU.Build.0 = Release|Any CPU
		{7694CE12-A1EB-4250-A6AB-1DE7E40A15A8}.Debug|Any CPU.ActiveCfg = Debug|Any CPU
		{7694CE12-A1EB-4250-A6AB-1DE7E40A15A8}.Debug|Any CPU.Build.0 = Debug|Any CPU
		{7694CE12-A1EB-4250-A6AB-1DE7E40A15A8}.Release|Any CPU.ActiveCfg = Release|Any CPU
		{7694CE12-A1EB-4250-A6AB-1DE7E40A15A8}.Release|Any CPU.Build.0 = Release|Any CPU
		{B6D1956B-70BE-4A18-82F6-65A3FD30A4C1}.Debug|Any CPU.ActiveCfg = Debug|Any CPU
		{B6D1956B-70BE-4A18-82F6-65A3FD30A4C1}.Debug|Any CPU.Build.0 = Debug|Any CPU
		{B6D1956B-70BE-4A18-82F6-65A3FD30A4C1}.Release|Any CPU.ActiveCfg = Release|Any CPU
		{B6D1956B-70BE-4A18-82F6-65A3FD30A4C1}.Release|Any CPU.Build.0 = Release|Any CPU
	EndGlobalSection
	GlobalSection(SolutionProperties) = preSolution
		HideSolutionNode = FALSE
	EndGlobalSection
	GlobalSection(ExtensibilityGlobals) = postSolution
		SolutionGuid = {B9B778E1-BD7D-4E2B-807E-7CF3DE8442E0}
	EndGlobalSection
EndGlobal
